
Microsoft Visual Studio Solution File, Format Version 12.00
# Visual Studio 15
VisualStudioVersion = 15.0.28307.960
MinimumVisualStudioVersion = 10.0.40219.1
Project("{FAE04EC0-301F-11D3-BF4B-00C04F79EFBC}") = "NewsPaperPublisher", "NewsPaperPublisher\NewsPaperPublisher.csproj", "{CBAB5E7D-DA03-4C94-BF54-94A2A93587F8}"
EndProject
Project("{FAE04EC0-301F-11D3-BF4B-00C04F79EFBC}") = "NewsPaperPublisher.Entities", "NewsPaperPublisher.Entities\NewsPaperPublisher.Entities.csproj", "{FB87006D-B01B-4AE5-A62F-16C503EEE11E}"
EndProject
Project("{FAE04EC0-301F-11D3-BF4B-00C04F79EFBC}") = "NewsPaperPublisher.BusinessManager", "NewsPaperPublisher.BusinessManager\NewsPaperPublisher.BusinessManager.csproj", "{F6FEC0CC-9826-451C-962C-0C459593D3BF}"
EndProject
Project("{FAE04EC0-301F-11D3-BF4B-00C04F79EFBC}") = "NewsPaperPublisher.SampleRepos", "NewsPaperPublisher.SampleRepos\NewsPaperPublisher.SampleRepos.csproj", "{C7992068-3123-419C-8390-FF193AAC5355}"
EndProject
Global
	GlobalSection(SolutionConfigurationPlatforms) = preSolution
		Debug|Any CPU = Debug|Any CPU
		Release|Any CPU = Release|Any CPU
	EndGlobalSection
	GlobalSection(ProjectConfigurationPlatforms) = postSolution
		{CBAB5E7D-DA03-4C94-BF54-94A2A93587F8}.Debug|Any CPU.ActiveCfg = Debug|Any CPU
		{CBAB5E7D-DA03-4C94-BF54-94A2A93587F8}.Debug|Any CPU.Build.0 = Debug|Any CPU
		{CBAB5E7D-DA03-4C94-BF54-94A2A93587F8}.Release|Any CPU.ActiveCfg = Release|Any CPU
		{CBAB5E7D-DA03-4C94-BF54-94A2A93587F8}.Release|Any CPU.Build.0 = Release|Any CPU
		{FB87006D-B01B-4AE5-A62F-16C503EEE11E}.Debug|Any CPU.ActiveCfg = Debug|Any CPU
		{FB87006D-B01B-4AE5-A62F-16C503EEE11E}.Debug|Any CPU.Build.0 = Debug|Any CPU
		{FB87006D-B01B-4AE5-A62F-16C503EEE11E}.Release|Any CPU.ActiveCfg = Release|Any CPU
		{FB87006D-B01B-4AE5-A62F-16C503EEE11E}.Release|Any CPU.Build.0 = Release|Any CPU
		{F6FEC0CC-9826-451C-962C-0C459593D3BF}.Debug|Any CPU.ActiveCfg = Debug|Any CPU
		{F6FEC0CC-9826-451C-962C-0C459593D3BF}.Debug|Any CPU.Build.0 = Debug|Any CPU
		{F6FEC0CC-9826-451C-962C-0C459593D3BF}.Release|Any CPU.ActiveCfg = Release|Any CPU
		{F6FEC0CC-9826-451C-962C-0C459593D3BF}.Release|Any CPU.Build.0 = Release|Any CPU
		{C7992068-3123-419C-8390-FF193AAC5355}.Debug|Any CPU.ActiveCfg = Debug|Any CPU
		{C7992068-3123-419C-8390-FF193AAC5355}.Debug|Any CPU.Build.0 = Debug|Any CPU
		{C7992068-3123-419C-8390-FF193AAC5355}.Release|Any CPU.ActiveCfg = Release|Any CPU
		{C7992068-3123-419C-8390-FF193AAC5355}.Release|Any CPU.Build.0 = Release|Any CPU
	EndGlobalSection
	GlobalSection(SolutionProperties) = preSolution
		HideSolutionNode = FALSE
	EndGlobalSection
	GlobalSection(ExtensibilityGlobals) = postSolution
		SolutionGuid = {3464556D-67FA-4A30-90E2-947D1D1FA92C}
	EndGlobalSection
EndGlobal
